
Microsoft Visual Studio Solution File, Format Version 12.00
Project("{FAE04EC0-301F-11D3-BF4B-00C04F79EFBC}") = "D2dControl", "D2dControl\D2dControl.csproj", "{F5401241-84AA-4C72-9321-1C64E33578BD}"
EndProject
Project("{FAE04EC0-301F-11D3-BF4B-00C04F79EFBC}") = "Sample", "Sample\Sample.csproj", "{92C0A906-1B2B-428E-BB41-A0EF14E75155}"
EndProject
Global
	GlobalSection(SolutionConfigurationPlatforms) = preSolution
		Debug|Any CPU = Debug|Any CPU
		Release|Any CPU = Release|Any CPU
	EndGlobalSection
	GlobalSection(ProjectConfigurationPlatforms) = postSolution
		{F5401241-84AA-4C72-9321-1C64E33578BD}.Debug|Any CPU.ActiveCfg = Debug|Any CPU
		{F5401241-84AA-4C72-9321-1C64E33578BD}.Debug|Any CPU.Build.0 = Debug|Any CPU
		{F5401241-84AA-4C72-9321-1C64E33578BD}.Release|Any CPU.ActiveCfg = Release|Any CPU
		{F5401241-84AA-4C72-9321-1C64E33578BD}.Release|Any CPU.Build.0 = Release|Any CPU
		{92C0A906-1B2B-428E-BB41-A0EF14E75155}.Debug|Any CPU.ActiveCfg = Debug|Any CPU
		{92C0A906-1B2B-428E-BB41-A0EF14E75155}.Debug|Any CPU.Build.0 = Debug|Any CPU
		{92C0A906-1B2B-428E-BB41-A0EF14E75155}.Release|Any CPU.ActiveCfg = Release|Any CPU
		{92C0A906-1B2B-428E-BB41-A0EF14E75155}.Release|Any CPU.Build.0 = Release|Any CPU
	EndGlobalSection
EndGlobal
